{
  "name": "ngrx-devtools-nativescript",
  "version": "0.5.0",
  "lockfileVersion": 1,
  "requires": true,
  "dependencies": {
    "@angular/common": {
      "version": "4.2.6",
      "resolved": "https://registry.npmjs.org/@angular/common/-/common-4.2.6.tgz",
      "integrity": "sha1-IQrOS9JON1+LQbpS/rNLGKiH1do=",
      "dev": true,
      "requires": {
        "tslib": "1.7.1"
      }
    },
    "@angular/compiler": {
      "version": "4.2.6",
      "resolved": "https://registry.npmjs.org/@angular/compiler/-/compiler-4.2.6.tgz",
      "integrity": "sha1-ZndW1JXKDUXSBhJooQ1Sr4Ofr/Q=",
      "dev": true,
      "requires": {
        "tslib": "1.7.1"
      }
    },
    "@angular/core": {
      "version": "4.2.6",
      "resolved": "https://registry.npmjs.org/@angular/core/-/core-4.2.6.tgz",
      "integrity": "sha1-DByP8BV/B29KfAtyHKFCPxu+Fk4=",
      "dev": true,
      "requires": {
        "tslib": "1.7.1"
      }
    },
    "@angular/forms": {
      "version": "4.2.6",
      "resolved": "https://registry.npmjs.org/@angular/forms/-/forms-4.2.6.tgz",
      "integrity": "sha1-nTI5lgjkYDu/GXQXqluU6ApGfrA=",
      "dev": true,
      "requires": {
        "tslib": "1.7.1"
      }
    },
    "@angular/http": {
      "version": "4.2.6",
      "resolved": "https://registry.npmjs.org/@angular/http/-/http-4.2.6.tgz",
      "integrity": "sha1-SZ4roLvB89cbdt6+wDTJWMrxE04=",
      "dev": true,
      "requires": {
        "tslib": "1.7.1"
      }
    },
    "@angular/platform-browser": {
      "version": "4.2.6",
      "resolved": "https://registry.npmjs.org/@angular/platform-browser/-/platform-browser-4.2.6.tgz",
      "integrity": "sha1-oTH/WSIl/mSWvKLJr/YSpNvd9Dc=",
      "dev": true,
      "requires": {
        "tslib": "1.7.1"
      }
    },
    "@angular/router": {
      "version": "4.2.6",
      "resolved": "https://registry.npmjs.org/@angular/router/-/router-4.2.6.tgz",
      "integrity": "sha1-ppGdm2HEX/wV++5ZM5jj/VMtq0Y=",
      "dev": true,
      "requires": {
        "tslib": "1.7.1"
      }
    },
    "@ngrx/store": {
      "version": "4.0.3",
      "resolved": "https://registry.npmjs.org/@ngrx/store/-/store-4.0.3.tgz",
      "integrity": "sha1-Nqus36Gb+4UG5A3oC64GBQoeFek=",
      "dev": true
    },
    "@ngrx/store-devtools": {
      "version": "4.0.0",
      "resolved": "https://registry.npmjs.org/@ngrx/store-devtools/-/store-devtools-4.0.0.tgz",
      "integrity": "sha1-t5wkdzIX33/Zc1rSH5y/JTPJbgQ=",
      "dev": true
    },
    "nativescript-angular": {
      "version": "4.2.0",
      "resolved": "https://registry.npmjs.org/nativescript-angular/-/nativescript-angular-4.2.0.tgz",
      "integrity": "sha512-I7iSIW1NQGJRGM96mkPjngJD3b64l8aRlMdcgdJ8gf2B1S1BGhk5IBdu4lhfwjdUSlv4x80QQHhWaAJrRQyslA==",
      "dev": true,
      "requires": {
        "nativescript-intl": "3.0.0",
        "reflect-metadata": "0.1.10"
      }
    },
    "nativescript-intl": {
      "version": "3.0.0",
      "resolved": "https://registry.npmjs.org/nativescript-intl/-/nativescript-intl-3.0.0.tgz",
      "integrity": "sha1-gu6b59N3Fys8QpVzRyMDdijhhqc=",
      "dev": true
    },
    "reflect-metadata": {
      "version": "0.1.10",
      "resolved": "https://registry.npmjs.org/reflect-metadata/-/reflect-metadata-0.1.10.tgz",
      "integrity": "sha1-tPg3BEFqytiZiMmxVjXUfgO5NEo=",
      "dev": true
    },
    "rxjs": {
      "version": "5.3.3",
      "resolved": "https://registry.npmjs.org/rxjs/-/rxjs-5.3.3.tgz",
      "integrity": "sha1-3S+VEF9xPZXyW4lMvl9opfMskmw=",
      "dev": true,
      "requires": {
        "symbol-observable": "1.0.4"
      }
    },
    "symbol-observable": {
      "version": "1.0.4",
      "resolved": "https://registry.npmjs.org/symbol-observable/-/symbol-observable-1.0.4.tgz",
      "integrity": "sha1-Kb9hXUqnEhvdiYsi1LP5vE4qoD0=",
      "dev": true
    },
    "tns-core-modules": {
      "version": "3.1.1",
      "resolved": "https://registry.npmjs.org/tns-core-modules/-/tns-core-modules-3.1.1.tgz",
      "integrity": "sha1-ezicQt1sENstGt+8bJEDFwPlDdU=",
      "dev": true,
      "requires": {
        "tns-core-modules-widgets": "3.1.1"
      }
    },
    "tns-core-modules-widgets": {
      "version": "3.1.1",
      "resolved": "https://registry.npmjs.org/tns-core-modules-widgets/-/tns-core-modules-widgets-3.1.1.tgz",
      "integrity": "sha1-M2691nlV6Im5GNsuzyRy/rVwh+A=",
      "dev": true
    },
    "tslib": {
      "version": "1.7.1",
      "resolved": "https://registry.npmjs.org/tslib/-/tslib-1.7.1.tgz",
      "integrity": "sha1-vIAEFkaRkjp5/oN4u+s9ogF1OOw=",
      "dev": true
    },
    "typescript": {
      "version": "2.3.4",
      "resolved": "https://registry.npmjs.org/typescript/-/typescript-2.3.4.tgz",
      "integrity": "sha1-PTgyGCgjHkNPKHUUlZw3qCtin0I=",
      "dev": true
    },
    "zone.js": {
      "version": "0.8.17",
      "resolved": "https://registry.npmjs.org/zone.js/-/zone.js-0.8.17.tgz",
      "integrity": "sha1-TF5RhahX2o2nk9rzkZNxxaNrKgs=",
      "dev": true
    }
  }
}
